
Microsoft Visual Studio Solution File, Format Version 12.00
# Visual Studio Version 16
VisualStudioVersion = 16.0.30114.105
MinimumVisualStudioVersion = 10.0.40219.1
Project("{FAE04EC0-301F-11D3-BF4B-00C04F79EFBC}") = "API", "API\API.csproj", "{39214A2D-2908-4D08-B634-7CFC1ABF890A}"
EndProject
Project("{FAE04EC0-301F-11D3-BF4B-00C04F79EFBC}") = "Core", "Core\Core.csproj", "{5EAE84B8-B485-4DD1-83A8-97E489F3F62D}"
EndProject
Project("{FAE04EC0-301F-11D3-BF4B-00C04F79EFBC}") = "Infrastructure", "Infrastructure\Infrastructure.csproj", "{28A5BA8F-B0A9-4C34-8624-A53645E89EA3}"
EndProject
Global
	GlobalSection(SolutionConfigurationPlatforms) = preSolution
		Debug|Any CPU = Debug|Any CPU
		Release|Any CPU = Release|Any CPU
	EndGlobalSection
	GlobalSection(SolutionProperties) = preSolution
		HideSolutionNode = FALSE
	EndGlobalSection
	GlobalSection(ProjectConfigurationPlatforms) = postSolution
		{39214A2D-2908-4D08-B634-7CFC1ABF890A}.Debug|Any CPU.ActiveCfg = Debug|Any CPU
		{39214A2D-2908-4D08-B634-7CFC1ABF890A}.Debug|Any CPU.Build.0 = Debug|Any CPU
		{39214A2D-2908-4D08-B634-7CFC1ABF890A}.Release|Any CPU.ActiveCfg = Release|Any CPU
		{39214A2D-2908-4D08-B634-7CFC1ABF890A}.Release|Any CPU.Build.0 = Release|Any CPU
		{5EAE84B8-B485-4DD1-83A8-97E489F3F62D}.Debug|Any CPU.ActiveCfg = Debug|Any CPU
		{5EAE84B8-B485-4DD1-83A8-97E489F3F62D}.Debug|Any CPU.Build.0 = Debug|Any CPU
		{5EAE84B8-B485-4DD1-83A8-97E489F3F62D}.Release|Any CPU.ActiveCfg = Release|Any CPU
		{5EAE84B8-B485-4DD1-83A8-97E489F3F62D}.Release|Any CPU.Build.0 = Release|Any CPU
		{28A5BA8F-B0A9-4C34-8624-A53645E89EA3}.Debug|Any CPU.ActiveCfg = Debug|Any CPU
		{28A5BA8F-B0A9-4C34-8624-A53645E89EA3}.Debug|Any CPU.Build.0 = Debug|Any CPU
		{28A5BA8F-B0A9-4C34-8624-A53645E89EA3}.Release|Any CPU.ActiveCfg = Release|Any CPU
		{28A5BA8F-B0A9-4C34-8624-A53645E89EA3}.Release|Any CPU.Build.0 = Release|Any CPU
	EndGlobalSection
EndGlobal
